
Microsoft Visual Studio Solution File, Format Version 12.00
# Visual Studio Version 16
VisualStudioVersion = 16.0.31019.35
MinimumVisualStudioVersion = 10.0.40219.1
Project("{8BC9CEB8-8B4A-11D0-8D11-00A0C91BC942}") = "jasslua", "src\jasslua.vcxproj", "{2FA396D7-3768-48B9-88D0-6980B6096972}"
EndProject
Global
	GlobalSection(SolutionConfigurationPlatforms) = preSolution
		Debug|x64 = Debug|x64
		Release|x64 = Release|x64
	EndGlobalSection
	GlobalSection(ProjectConfigurationPlatforms) = postSolution
		{2FA396D7-3768-48B9-88D0-6980B6096972}.Debug|x64.ActiveCfg = Debug|x64
		{2FA396D7-3768-48B9-88D0-6980B6096972}.Debug|x64.Build.0 = Debug|x64
		{2FA396D7-3768-48B9-88D0-6980B6096972}.Release|x64.ActiveCfg = Release|x64
		{2FA396D7-3768-48B9-88D0-6980B6096972}.Release|x64.Build.0 = Release|x64
	EndGlobalSection
	GlobalSection(SolutionProperties) = preSolution
		HideSolutionNode = FALSE
	EndGlobalSection
	GlobalSection(ExtensibilityGlobals) = postSolution
		SolutionGuid = {B1CD02E8-99A9-4D65-9962-F4F68978B914}
	EndGlobalSection
EndGlobal
